{
    "_readme": [
        "This file locks the dependencies of your project to a known state",
        "Read more about it at https://getcomposer.org/doc/01-basic-usage.md#installing-dependencies",
        "This file is @generated automatically"
    ],
    "content-hash": "8a07bb79e6e46ee3da4240e25ad03644",
    "packages": [],
    "packages-dev": [
        {
            "name": "lucinda/unit-testing",
            "version": "v2.0.7",
            "source": {
                "type": "git",
                "url": "https://github.com/aherne/unit-testing.git",
                "reference": "c7194bdaf76f84695026afc7571d5a193092808f"
            },
            "dist": {
                "type": "zip",
                "url": "https://api.github.com/repos/aherne/unit-testing/zipball/c7194bdaf76f84695026afc7571d5a193092808f",
                "reference": "c7194bdaf76f84695026afc7571d5a193092808f",
                "shasum": ""
            },
            "require": {
                "ext-curl": "*",
                "ext-pdo": "*",
                "ext-simplexml": "*",
                "ext-tokenizer": "*",
                "php": "^8.1"
            },
            "type": "library",
            "autoload": {
                "psr-4": {
                    "Lucinda\\UnitTest\\": "src/"
                }
            },
            "notification-url": "https://packagist.org/downloads/",
            "license": [
                "MIT"
            ],
            "authors": [
                {
                    "name": "Lucian Popescu",
                    "email": "lucian.gabriel.popescu@gmail.com",
                    "role": "Developer"
                }
            ],
            "description": "Lightweight PHP8.1 library for unit testing with zero dependencies",
            "homepage": "https://github.com/aherne/unit-testing",
            "keywords": [
                "unit testing"
            ],
            "support": {
                "issues": "https://github.com/aherne/unit-testing/issues",
                "source": "https://github.com/aherne/unit-testing/tree/v2.0.7"
            },
            "time": "2026-06-19T07:03:19+00:00"
        }
    ],
    "aliases": [],
    "minimum-stability": "stable",
    "stability-flags": {},
    "prefer-stable": false,
    "prefer-lowest": false,
    "platform": {
        "php": "^8.1",
        "ext-simplexml": "*",
        "ext-openssl": "*"
    },
    "platform-dev": {},
    "plugin-api-version": "2.9.0"
}
